
Microsoft Visual Studio Solution File, Format Version 12.00
# Visual Studio 15
Project("{FAE04EC0-301F-11D3-BF4B-00C04F79EFBC}") = "Assembly-CSharp", "Assembly-CSharp.csproj", "{3A0060EA-67FC-2580-2D84-2FC863F7DDFE}"
EndProject
Project("{FAE04EC0-301F-11D3-BF4B-00C04F79EFBC}") = "Assembly-CSharp-firstpass", "Assembly-CSharp-firstpass.csproj", "{0A2EAE20-6FDB-6DF4-FC60-A6D996D2AA99}"
EndProject
Global
	GlobalSection(SolutionConfigurationPlatforms) = preSolution
		Debug|Any CPU = Debug|Any CPU
		Release|Any CPU = Release|Any CPU
	EndGlobalSection
	GlobalSection(ProjectConfigurationPlatforms) = postSolution
		{3A0060EA-67FC-2580-2D84-2FC863F7DDFE}.Debug|Any CPU.ActiveCfg = Debug|Any CPU
		{3A0060EA-67FC-2580-2D84-2FC863F7DDFE}.Debug|Any CPU.Build.0 = Debug|Any CPU
		{3A0060EA-67FC-2580-2D84-2FC863F7DDFE}.Release|Any CPU.ActiveCfg = Release|Any CPU
		{3A0060EA-67FC-2580-2D84-2FC863F7DDFE}.Release|Any CPU.Build.0 = Release|Any CPU
		{0A2EAE20-6FDB-6DF4-FC60-A6D996D2AA99}.Debug|Any CPU.ActiveCfg = Debug|Any CPU
		{0A2EAE20-6FDB-6DF4-FC60-A6D996D2AA99}.Debug|Any CPU.Build.0 = Debug|Any CPU
		{0A2EAE20-6FDB-6DF4-FC60-A6D996D2AA99}.Release|Any CPU.ActiveCfg = Release|Any CPU
		{0A2EAE20-6FDB-6DF4-FC60-A6D996D2AA99}.Release|Any CPU.Build.0 = Release|Any CPU
	EndGlobalSection
	GlobalSection(SolutionProperties) = preSolution
		HideSolutionNode = FALSE
	EndGlobalSection
EndGlobal
